
Microsoft Visual Studio Solution File, Format Version 12.00
# Visual Studio Version 16
VisualStudioVersion = 16.0.29519.181
MinimumVisualStudioVersion = 10.0.40219.1
Project("{9A19103F-16F7-4668-BE54-9A1E7A4F7556}") = "AspNetAbandondedCartTest.Api", "AspNetAbandondedCartTest.Api\AspNetAbandondedCartTest.Api.csproj", "{D5AE15F6-948A-4C40-B885-11780AEC2A81}"
EndProject
Project("{9A19103F-16F7-4668-BE54-9A1E7A4F7556}") = "AspNetAbandondedCartTest.Core", "AspNetAbandondedCartTest.Core\AspNetAbandondedCartTest.Core.csproj", "{D14E9F2F-5199-447C-9AA2-364ABA948788}"
EndProject
Project("{9A19103F-16F7-4668-BE54-9A1E7A4F7556}") = "AspNetAbandondedCartTest.Data", "AspNetAbandondedCartTest.Data\AspNetAbandondedCartTest.Data.csproj", "{618680D9-EC0A-4B4F-BB10-3B2FA9E418B1}"
EndProject
Project("{FAE04EC0-301F-11D3-BF4B-00C04F79EFBC}") = "AspNetAbandondedCartTest.Service", "AspNetAbandondedCartTest.Service\AspNetAbandondedCartTest.Service.csproj", "{4B7902CF-D5C2-4A1D-99FA-03D25D243D94}"
EndProject
Global
	GlobalSection(SolutionConfigurationPlatforms) = preSolution
		Debug|Any CPU = Debug|Any CPU
		Release|Any CPU = Release|Any CPU
	EndGlobalSection
	GlobalSection(ProjectConfigurationPlatforms) = postSolution
		{D5AE15F6-948A-4C40-B885-11780AEC2A81}.Debug|Any CPU.ActiveCfg = Debug|Any CPU
		{D5AE15F6-948A-4C40-B885-11780AEC2A81}.Debug|Any CPU.Build.0 = Debug|Any CPU
		{D5AE15F6-948A-4C40-B885-11780AEC2A81}.Release|Any CPU.ActiveCfg = Release|Any CPU
		{D5AE15F6-948A-4C40-B885-11780AEC2A81}.Release|Any CPU.Build.0 = Release|Any CPU
		{D14E9F2F-5199-447C-9AA2-364ABA948788}.Debug|Any CPU.ActiveCfg = Debug|Any CPU
		{D14E9F2F-5199-447C-9AA2-364ABA948788}.Debug|Any CPU.Build.0 = Debug|Any CPU
		{D14E9F2F-5199-447C-9AA2-364ABA948788}.Release|Any CPU.ActiveCfg = Release|Any CPU
		{D14E9F2F-5199-447C-9AA2-364ABA948788}.Release|Any CPU.Build.0 = Release|Any CPU
		{618680D9-EC0A-4B4F-BB10-3B2FA9E418B1}.Debug|Any CPU.ActiveCfg = Debug|Any CPU
		{618680D9-EC0A-4B4F-BB10-3B2FA9E418B1}.Debug|Any CPU.Build.0 = Debug|Any CPU
		{618680D9-EC0A-4B4F-BB10-3B2FA9E418B1}.Release|Any CPU.ActiveCfg = Release|Any CPU
		{618680D9-EC0A-4B4F-BB10-3B2FA9E418B1}.Release|Any CPU.Build.0 = Release|Any CPU
		{4B7902CF-D5C2-4A1D-99FA-03D25D243D94}.Debug|Any CPU.ActiveCfg = Debug|Any CPU
		{4B7902CF-D5C2-4A1D-99FA-03D25D243D94}.Debug|Any CPU.Build.0 = Debug|Any CPU
		{4B7902CF-D5C2-4A1D-99FA-03D25D243D94}.Release|Any CPU.ActiveCfg = Release|Any CPU
		{4B7902CF-D5C2-4A1D-99FA-03D25D243D94}.Release|Any CPU.Build.0 = Release|Any CPU
	EndGlobalSection
	GlobalSection(SolutionProperties) = preSolution
		HideSolutionNode = FALSE
	EndGlobalSection
	GlobalSection(ExtensibilityGlobals) = postSolution
		SolutionGuid = {EF8E2E5A-822D-41C3-8AF6-D4A46453C9A2}
	EndGlobalSection
EndGlobal
